
Microsoft Visual Studio Solution File, Format Version 12.00
# Visual Studio Version 17
VisualStudioVersion = 17.7.34003.232
MinimumVisualStudioVersion = 10.0.40219.1
Project("{9A19103F-16F7-4668-BE54-9A1E7A4F7556}") = "simple C# test", "simple C# test\simple C# test.csproj", "{EA423B9E-805B-40DD-99FB-CFFBC492C0E5}"
EndProject
Global
	GlobalSection(SolutionConfigurationPlatforms) = preSolution
		Debug|Any CPU = Debug|Any CPU
		Release|Any CPU = Release|Any CPU
	EndGlobalSection
	GlobalSection(ProjectConfigurationPlatforms) = postSolution
		{EA423B9E-805B-40DD-99FB-CFFBC492C0E5}.Debug|Any CPU.ActiveCfg = Debug|Any CPU
		{EA423B9E-805B-40DD-99FB-CFFBC492C0E5}.Debug|Any CPU.Build.0 = Debug|Any CPU
		{EA423B9E-805B-40DD-99FB-CFFBC492C0E5}.Release|Any CPU.ActiveCfg = Release|Any CPU
		{EA423B9E-805B-40DD-99FB-CFFBC492C0E5}.Release|Any CPU.Build.0 = Release|Any CPU
	EndGlobalSection
	GlobalSection(SolutionProperties) = preSolution
		HideSolutionNode = FALSE
	EndGlobalSection
	GlobalSection(ExtensibilityGlobals) = postSolution
		SolutionGuid = {A3FC4BBC-9686-405C-86F7-783F22691315}
	EndGlobalSection
EndGlobal
